
Microsoft Visual Studio Solution File, Format Version 12.00
# Visual Studio 15
VisualStudioVersion = 15.0.28010.2048
MinimumVisualStudioVersion = 10.0.40219.1
Project("{FAE04EC0-301F-11D3-BF4B-00C04F79EFBC}") = "Async-Example", "Async-Example\Async-Example.csproj", "{8365B746-690E-4A44-9FF8-855984C464E6}"
EndProject
Global
	GlobalSection(SolutionConfigurationPlatforms) = preSolution
		Debug|Any CPU = Debug|Any CPU
		Release|Any CPU = Release|Any CPU
	EndGlobalSection
	GlobalSection(ProjectConfigurationPlatforms) = postSolution
		{8365B746-690E-4A44-9FF8-855984C464E6}.Debug|Any CPU.ActiveCfg = Debug|Any CPU
		{8365B746-690E-4A44-9FF8-855984C464E6}.Debug|Any CPU.Build.0 = Debug|Any CPU
		{8365B746-690E-4A44-9FF8-855984C464E6}.Release|Any CPU.ActiveCfg = Release|Any CPU
		{8365B746-690E-4A44-9FF8-855984C464E6}.Release|Any CPU.Build.0 = Release|Any CPU
	EndGlobalSection
	GlobalSection(SolutionProperties) = preSolution
		HideSolutionNode = FALSE
	EndGlobalSection
	GlobalSection(ExtensibilityGlobals) = postSolution
		SolutionGuid = {E01420F3-49F9-41A2-9715-AD2D99A8926C}
	EndGlobalSection
EndGlobal
