
Microsoft Visual Studio Solution File, Format Version 12.00
# Visual Studio 15
VisualStudioVersion = 15.0.28010.2048
MinimumVisualStudioVersion = 10.0.40219.1
Project("{FAE04EC0-301F-11D3-BF4B-00C04F79EFBC}") = "Tracing-Example", "Tracing-Example\Tracing-Example.csproj", "{25000D7C-6ACC-47AE-B99A-98CB82D43D7C}"
EndProject
Global
	GlobalSection(SolutionConfigurationPlatforms) = preSolution
		Debug|Any CPU = Debug|Any CPU
		Release|Any CPU = Release|Any CPU
	EndGlobalSection
	GlobalSection(ProjectConfigurationPlatforms) = postSolution
		{25000D7C-6ACC-47AE-B99A-98CB82D43D7C}.Debug|Any CPU.ActiveCfg = Debug|Any CPU
		{25000D7C-6ACC-47AE-B99A-98CB82D43D7C}.Debug|Any CPU.Build.0 = Debug|Any CPU
		{25000D7C-6ACC-47AE-B99A-98CB82D43D7C}.Release|Any CPU.ActiveCfg = Release|Any CPU
		{25000D7C-6ACC-47AE-B99A-98CB82D43D7C}.Release|Any CPU.Build.0 = Release|Any CPU
	EndGlobalSection
	GlobalSection(SolutionProperties) = preSolution
		HideSolutionNode = FALSE
	EndGlobalSection
	GlobalSection(ExtensibilityGlobals) = postSolution
		SolutionGuid = {1F098F78-2322-40DE-9806-FA253A4D293F}
	EndGlobalSection
EndGlobal
